
Microsoft Visual Studio Solution File, Format Version 12.00
# Visual Studio Version 16
VisualStudioVersion = 16.0.31005.135
MinimumVisualStudioVersion = 10.0.40219.1
Project("{FAE04EC0-301F-11D3-BF4B-00C04F79EFBC}") = "Patiro-Task", "Patiro-Task\Patiro-Task.csproj", "{4CE96BC2-2645-4E83-979B-96CD8D1B9A0F}"
EndProject
Project("{FAE04EC0-301F-11D3-BF4B-00C04F79EFBC}") = "Patiro-Task2", "Patiro-Task2\Patiro-Task2.csproj", "{DC7F2C26-2DF2-443B-A21A-52D7BE90BE3F}"
EndProject
Global
	GlobalSection(SolutionConfigurationPlatforms) = preSolution
		Debug|Any CPU = Debug|Any CPU
		Release|Any CPU = Release|Any CPU
	EndGlobalSection
	GlobalSection(ProjectConfigurationPlatforms) = postSolution
		{4CE96BC2-2645-4E83-979B-96CD8D1B9A0F}.Debug|Any CPU.ActiveCfg = Debug|Any CPU
		{4CE96BC2-2645-4E83-979B-96CD8D1B9A0F}.Debug|Any CPU.Build.0 = Debug|Any CPU
		{4CE96BC2-2645-4E83-979B-96CD8D1B9A0F}.Release|Any CPU.ActiveCfg = Release|Any CPU
		{4CE96BC2-2645-4E83-979B-96CD8D1B9A0F}.Release|Any CPU.Build.0 = Release|Any CPU
		{DC7F2C26-2DF2-443B-A21A-52D7BE90BE3F}.Debug|Any CPU.ActiveCfg = Debug|Any CPU
		{DC7F2C26-2DF2-443B-A21A-52D7BE90BE3F}.Debug|Any CPU.Build.0 = Debug|Any CPU
		{DC7F2C26-2DF2-443B-A21A-52D7BE90BE3F}.Release|Any CPU.ActiveCfg = Release|Any CPU
		{DC7F2C26-2DF2-443B-A21A-52D7BE90BE3F}.Release|Any CPU.Build.0 = Release|Any CPU
	EndGlobalSection
	GlobalSection(SolutionProperties) = preSolution
		HideSolutionNode = FALSE
	EndGlobalSection
	GlobalSection(ExtensibilityGlobals) = postSolution
		SolutionGuid = {2A200E5A-FF91-4671-8D73-29841F02AFD7}
	EndGlobalSection
EndGlobal
